
Microsoft Visual Studio Solution File, Format Version 12.00
# Visual Studio Version 16
VisualStudioVersion = 16.0.31729.503
MinimumVisualStudioVersion = 10.0.40219.1
Project("{FAE04EC0-301F-11D3-BF4B-00C04F79EFBC}") = "P2-AP1-Junior-20190009", "P2-AP1-Junior-20190009.csproj", "{29DB16CD-F5AF-4A9C-A5CF-2502FC68A208}"
EndProject
Global
	GlobalSection(SolutionConfigurationPlatforms) = preSolution
		Debug|Any CPU = Debug|Any CPU
		Release|Any CPU = Release|Any CPU
	EndGlobalSection
	GlobalSection(ProjectConfigurationPlatforms) = postSolution
		{29DB16CD-F5AF-4A9C-A5CF-2502FC68A208}.Debug|Any CPU.ActiveCfg = Debug|Any CPU
		{29DB16CD-F5AF-4A9C-A5CF-2502FC68A208}.Debug|Any CPU.Build.0 = Debug|Any CPU
		{29DB16CD-F5AF-4A9C-A5CF-2502FC68A208}.Release|Any CPU.ActiveCfg = Release|Any CPU
		{29DB16CD-F5AF-4A9C-A5CF-2502FC68A208}.Release|Any CPU.Build.0 = Release|Any CPU
	EndGlobalSection
	GlobalSection(SolutionProperties) = preSolution
		HideSolutionNode = FALSE
	EndGlobalSection
	GlobalSection(ExtensibilityGlobals) = postSolution
		SolutionGuid = {70CD4751-50E0-4EFF-8A51-2CDDF9E758D1}
	EndGlobalSection
EndGlobal
